
Microsoft Visual Studio Solution File, Format Version 12.00
# Visual Studio 15
VisualStudioVersion = 15.0.28307.1022
MinimumVisualStudioVersion = 10.0.40219.1
Project("{FAE04EC0-301F-11D3-BF4B-00C04F79EFBC}") = "CopyViewFilesProgram", "CopyViewFilesProgram.csproj", "{05DB6E9A-9D88-491F-BB34-0BE6AE75E33A}"
EndProject
Global
	GlobalSection(SolutionConfigurationPlatforms) = preSolution
		Debug|Any CPU = Debug|Any CPU
		Release|Any CPU = Release|Any CPU
	EndGlobalSection
	GlobalSection(ProjectConfigurationPlatforms) = postSolution
		{05DB6E9A-9D88-491F-BB34-0BE6AE75E33A}.Debug|Any CPU.ActiveCfg = Debug|Any CPU
		{05DB6E9A-9D88-491F-BB34-0BE6AE75E33A}.Debug|Any CPU.Build.0 = Debug|Any CPU
		{05DB6E9A-9D88-491F-BB34-0BE6AE75E33A}.Release|Any CPU.ActiveCfg = Release|Any CPU
		{05DB6E9A-9D88-491F-BB34-0BE6AE75E33A}.Release|Any CPU.Build.0 = Release|Any CPU
	EndGlobalSection
	GlobalSection(SolutionProperties) = preSolution
		HideSolutionNode = FALSE
	EndGlobalSection
	GlobalSection(ExtensibilityGlobals) = postSolution
		SolutionGuid = {0017DE8E-1103-45CC-8709-56BEB7F9E14D}
	EndGlobalSection
EndGlobal
